
Microsoft Visual Studio Solution File, Format Version 12.00
# Visual Studio Version 17
VisualStudioVersion = 17.14.36401.2
MinimumVisualStudioVersion = 10.0.40219.1
Project("{FAE04EC0-301F-11D3-BF4B-00C04F79EFBC}") = "Progress", "Progress\Progress.csproj", "{FD350B0C-98E4-4CE1-A45D-F5218EA12B6F}"
EndProject
Project("{2150E333-8FDC-42A3-9474-1A3956D46DE8}") = "Samples", "Samples", "{02EA681E-C7D8-13C7-8484-4AC65E1B71E8}"
EndProject
Project("{FAE04EC0-301F-11D3-BF4B-00C04F79EFBC}") = "Progress.Samples.Bar.App", "Samples\Progress.Samples.Bar.App\Progress.Samples.Bar.App.csproj", "{256B943E-F24D-44C8-A667-34F025A60AC7}"
EndProject
Project("{FAE04EC0-301F-11D3-BF4B-00C04F79EFBC}") = "Progress.Samples", "Samples\Progress.Samples\Progress.Samples.csproj", "{FEDB17DF-27B4-407C-A225-0DBAA1157715}"
EndProject
Project("{FAE04EC0-301F-11D3-BF4B-00C04F79EFBC}") = "Progress.Samples.Spinner.App", "Samples\Progress.Samples.Spinner.App\Progress.Samples.Spinner.App.csproj", "{BDD1AF4C-9905-4D5F-9020-07CDE449E7F7}"
EndProject
Project("{FAE04EC0-301F-11D3-BF4B-00C04F79EFBC}") = "Progress.Samples.Pulse.App", "Samples\Progress.Samples.Pulse.App\Progress.Samples.Pulse.App.csproj", "{8B3E0D5B-ABBB-45D6-B0BA-25EDB15D2502}"
EndProject
Project("{FAE04EC0-301F-11D3-BF4B-00C04F79EFBC}") = "Progress.Samples.HearthBeat.App", "Samples\Progress.Samples.HearthBeat.App\Progress.Samples.HearthBeat.App.csproj", "{8DEBB035-B737-4C7D-9706-400914D06FC3}"
EndProject
Project("{FAE04EC0-301F-11D3-BF4B-00C04F79EFBC}") = "Progress.UnitTest", "Progress.UnitTest\Progress.UnitTest.csproj", "{4ACE65FC-B0A8-45E8-9A46-99DD8E5AA447}"
EndProject
Project("{FAE04EC0-301F-11D3-BF4B-00C04F79EFBC}") = "Progress.Samples.Background.Api", "Samples\Progress.Samples.Background.Api\Progress.Samples.Background.Api.csproj", "{DDFD6BC0-2650-4289-81AD-23B2AF96C405}"
EndProject
Project("{2150E333-8FDC-42A3-9474-1A3956D46DE8}") = "Tests", "Tests", "{45A524E0-71BD-4A1A-8720-80D36E0F5630}"
EndProject
Project("{2150E333-8FDC-42A3-9474-1A3956D46DE8}") = "Items", "Items", "{9EBAF444-F7BA-4A17-AB2D-59E02D1DD1BC}"
	ProjectSection(SolutionItems) = preProject
		Directory.Build.props = Directory.Build.props
		Directory.Build.targets = Directory.Build.targets
		Packages.props = Packages.props
	EndProjectSection
EndProject
Global
	GlobalSection(SolutionConfigurationPlatforms) = preSolution
		Debug|Any CPU = Debug|Any CPU
		Release|Any CPU = Release|Any CPU
	EndGlobalSection
	GlobalSection(ProjectConfigurationPlatforms) = postSolution
		{FD350B0C-98E4-4CE1-A45D-F5218EA12B6F}.Debug|Any CPU.ActiveCfg = Debug|Any CPU
		{FD350B0C-98E4-4CE1-A45D-F5218EA12B6F}.Debug|Any CPU.Build.0 = Debug|Any CPU
		{FD350B0C-98E4-4CE1-A45D-F5218EA12B6F}.Release|Any CPU.ActiveCfg = Release|Any CPU
		{FD350B0C-98E4-4CE1-A45D-F5218EA12B6F}.Release|Any CPU.Build.0 = Release|Any CPU
		{256B943E-F24D-44C8-A667-34F025A60AC7}.Debug|Any CPU.ActiveCfg = Debug|Any CPU
		{256B943E-F24D-44C8-A667-34F025A60AC7}.Debug|Any CPU.Build.0 = Debug|Any CPU
		{256B943E-F24D-44C8-A667-34F025A60AC7}.Release|Any CPU.ActiveCfg = Release|Any CPU
		{256B943E-F24D-44C8-A667-34F025A60AC7}.Release|Any CPU.Build.0 = Release|Any CPU
		{FEDB17DF-27B4-407C-A225-0DBAA1157715}.Debug|Any CPU.ActiveCfg = Debug|Any CPU
		{FEDB17DF-27B4-407C-A225-0DBAA1157715}.Debug|Any CPU.Build.0 = Debug|Any CPU
		{FEDB17DF-27B4-407C-A225-0DBAA1157715}.Release|Any CPU.ActiveCfg = Release|Any CPU
		{FEDB17DF-27B4-407C-A225-0DBAA1157715}.Release|Any CPU.Build.0 = Release|Any CPU
		{BDD1AF4C-9905-4D5F-9020-07CDE449E7F7}.Debug|Any CPU.ActiveCfg = Debug|Any CPU
		{BDD1AF4C-9905-4D5F-9020-07CDE449E7F7}.Debug|Any CPU.Build.0 = Debug|Any CPU
		{BDD1AF4C-9905-4D5F-9020-07CDE449E7F7}.Release|Any CPU.ActiveCfg = Release|Any CPU
		{BDD1AF4C-9905-4D5F-9020-07CDE449E7F7}.Release|Any CPU.Build.0 = Release|Any CPU
		{8B3E0D5B-ABBB-45D6-B0BA-25EDB15D2502}.Debug|Any CPU.ActiveCfg = Debug|Any CPU
		{8B3E0D5B-ABBB-45D6-B0BA-25EDB15D2502}.Debug|Any CPU.Build.0 = Debug|Any CPU
		{8B3E0D5B-ABBB-45D6-B0BA-25EDB15D2502}.Release|Any CPU.ActiveCfg = Release|Any CPU
		{8B3E0D5B-ABBB-45D6-B0BA-25EDB15D2502}.Release|Any CPU.Build.0 = Release|Any CPU
		{8DEBB035-B737-4C7D-9706-400914D06FC3}.Debug|Any CPU.ActiveCfg = Debug|Any CPU
		{8DEBB035-B737-4C7D-9706-400914D06FC3}.Debug|Any CPU.Build.0 = Debug|Any CPU
		{8DEBB035-B737-4C7D-9706-400914D06FC3}.Release|Any CPU.ActiveCfg = Release|Any CPU
		{8DEBB035-B737-4C7D-9706-400914D06FC3}.Release|Any CPU.Build.0 = Release|Any CPU
		{4ACE65FC-B0A8-45E8-9A46-99DD8E5AA447}.Debug|Any CPU.ActiveCfg = Debug|Any CPU
		{4ACE65FC-B0A8-45E8-9A46-99DD8E5AA447}.Debug|Any CPU.Build.0 = Debug|Any CPU
		{4ACE65FC-B0A8-45E8-9A46-99DD8E5AA447}.Release|Any CPU.ActiveCfg = Release|Any CPU
		{4ACE65FC-B0A8-45E8-9A46-99DD8E5AA447}.Release|Any CPU.Build.0 = Release|Any CPU
		{DDFD6BC0-2650-4289-81AD-23B2AF96C405}.Debug|Any CPU.ActiveCfg = Debug|Any CPU
		{DDFD6BC0-2650-4289-81AD-23B2AF96C405}.Debug|Any CPU.Build.0 = Debug|Any CPU
		{DDFD6BC0-2650-4289-81AD-23B2AF96C405}.Release|Any CPU.ActiveCfg = Release|Any CPU
		{DDFD6BC0-2650-4289-81AD-23B2AF96C405}.Release|Any CPU.Build.0 = Release|Any CPU
	EndGlobalSection
	GlobalSection(SolutionProperties) = preSolution
		HideSolutionNode = FALSE
	EndGlobalSection
	GlobalSection(NestedProjects) = preSolution
		{256B943E-F24D-44C8-A667-34F025A60AC7} = {02EA681E-C7D8-13C7-8484-4AC65E1B71E8}
		{FEDB17DF-27B4-407C-A225-0DBAA1157715} = {02EA681E-C7D8-13C7-8484-4AC65E1B71E8}
		{BDD1AF4C-9905-4D5F-9020-07CDE449E7F7} = {02EA681E-C7D8-13C7-8484-4AC65E1B71E8}
		{8B3E0D5B-ABBB-45D6-B0BA-25EDB15D2502} = {02EA681E-C7D8-13C7-8484-4AC65E1B71E8}
		{8DEBB035-B737-4C7D-9706-400914D06FC3} = {02EA681E-C7D8-13C7-8484-4AC65E1B71E8}
		{4ACE65FC-B0A8-45E8-9A46-99DD8E5AA447} = {45A524E0-71BD-4A1A-8720-80D36E0F5630}
		{DDFD6BC0-2650-4289-81AD-23B2AF96C405} = {02EA681E-C7D8-13C7-8484-4AC65E1B71E8}
	EndGlobalSection
	GlobalSection(ExtensibilityGlobals) = postSolution
		SolutionGuid = {D9F7C575-D4A4-4256-97B8-29638AC42A70}
	EndGlobalSection
EndGlobal
